
Microsoft Visual Studio Solution File, Format Version 12.00
# Visual Studio Version 17
VisualStudioVersion = 17.1.32421.90
MinimumVisualStudioVersion = 10.0.40219.1
Project("{FAE04EC0-301F-11D3-BF4B-00C04F79EFBC}") = "CoreAppFood", "CoreAppFood\CoreAppFood.csproj", "{BC8F9968-80A3-446F-B93F-30D9CB6B352E}"
EndProject
Global
	GlobalSection(SolutionConfigurationPlatforms) = preSolution
		Debug|Any CPU = Debug|Any CPU
		Release|Any CPU = Release|Any CPU
	EndGlobalSection
	GlobalSection(ProjectConfigurationPlatforms) = postSolution
		{BC8F9968-80A3-446F-B93F-30D9CB6B352E}.Debug|Any CPU.ActiveCfg = Debug|Any CPU
		{BC8F9968-80A3-446F-B93F-30D9CB6B352E}.Debug|Any CPU.Build.0 = Debug|Any CPU
		{BC8F9968-80A3-446F-B93F-30D9CB6B352E}.Release|Any CPU.ActiveCfg = Release|Any CPU
		{BC8F9968-80A3-446F-B93F-30D9CB6B352E}.Release|Any CPU.Build.0 = Release|Any CPU
	EndGlobalSection
	GlobalSection(SolutionProperties) = preSolution
		HideSolutionNode = FALSE
	EndGlobalSection
	GlobalSection(ExtensibilityGlobals) = postSolution
		SolutionGuid = {651F7397-5C82-4578-949D-8D2CA4FE1FF9}
	EndGlobalSection
EndGlobal
